
Microsoft Visual Studio Solution File, Format Version 12.00
# Visual Studio Version 17
VisualStudioVersion = 17.8.34511.84
MinimumVisualStudioVersion = 10.0.40219.1
Project("{FAE04EC0-301F-11D3-BF4B-00C04F79EFBC}") = "ASPREACTTEST.Server", "ASPREACTTEST.Server\ASPREACTTEST.Server.csproj", "{036A547A-61F4-4241-876C-CF990AACCDD4}"
EndProject
Project("{54A90642-561A-4BB1-A94E-469ADEE60C69}") = "aspreacttest.client", "aspreacttest.client\aspreacttest.client.esproj", "{CAA14391-A095-4DDE-8009-0F321B54BE84}"
EndProject
Global
	GlobalSection(SolutionConfigurationPlatforms) = preSolution
		Debug|Any CPU = Debug|Any CPU
		Release|Any CPU = Release|Any CPU
	EndGlobalSection
	GlobalSection(ProjectConfigurationPlatforms) = postSolution
		{036A547A-61F4-4241-876C-CF990AACCDD4}.Debug|Any CPU.ActiveCfg = Debug|Any CPU
		{036A547A-61F4-4241-876C-CF990AACCDD4}.Debug|Any CPU.Build.0 = Debug|Any CPU
		{036A547A-61F4-4241-876C-CF990AACCDD4}.Release|Any CPU.ActiveCfg = Release|Any CPU
		{036A547A-61F4-4241-876C-CF990AACCDD4}.Release|Any CPU.Build.0 = Release|Any CPU
		{CAA14391-A095-4DDE-8009-0F321B54BE84}.Debug|Any CPU.ActiveCfg = Debug|Any CPU
		{CAA14391-A095-4DDE-8009-0F321B54BE84}.Debug|Any CPU.Build.0 = Debug|Any CPU
		{CAA14391-A095-4DDE-8009-0F321B54BE84}.Debug|Any CPU.Deploy.0 = Debug|Any CPU
		{CAA14391-A095-4DDE-8009-0F321B54BE84}.Release|Any CPU.ActiveCfg = Release|Any CPU
		{CAA14391-A095-4DDE-8009-0F321B54BE84}.Release|Any CPU.Build.0 = Release|Any CPU
		{CAA14391-A095-4DDE-8009-0F321B54BE84}.Release|Any CPU.Deploy.0 = Release|Any CPU
	EndGlobalSection
	GlobalSection(SolutionProperties) = preSolution
		HideSolutionNode = FALSE
	EndGlobalSection
	GlobalSection(ExtensibilityGlobals) = postSolution
		SolutionGuid = {0A1A1C28-0932-474D-B33E-3AD4E2028E21}
	EndGlobalSection
EndGlobal
